{
  "version": "3",
  "packages": {
    "specifiers": {
      "npm:@graphql-tools/load-files": "npm:@graphql-tools/load-files@7.0.0_graphql@16.8.1",
      "npm:@graphql-tools/load-files@^7.0.0": "npm:@graphql-tools/load-files@7.0.0_graphql@16.8.1",
      "npm:@graphql-tools/schema@^10.0.3": "npm:@graphql-tools/schema@10.0.3_graphql@16.8.1",
      "npm:@graphql-yoga/plugin-response-cache": "npm:@graphql-yoga/plugin-response-cache@3.5.0_graphql@16.8.1_graphql-yoga@5.3.0__graphql@16.8.1",
      "npm:@graphql-yoga/plugin-response-cache@^3.5.0": "npm:@graphql-yoga/plugin-response-cache@3.5.0_graphql@16.8.1_graphql-yoga@5.3.0__graphql@16.8.1",
      "npm:graphql-yoga": "npm:graphql-yoga@5.3.0_graphql@16.8.1",
      "npm:graphql-yoga@^5.3.0": "npm:graphql-yoga@5.3.0_graphql@16.8.1"
    },
    "npm": {
      "@envelop/core@5.0.0": {
        "integrity": "sha512-aJdnH/ptv+cvwfvciCBe7TSvccBwo9g0S5f6u35TBVzRVqIGkK03lFlIL+x1cnfZgN9EfR2b1PH2galrT1CdCQ==",
        "dependencies": {
          "@envelop/types": "@envelop/types@5.0.0",
          "tslib": "tslib@2.6.2"
        }
      },
      "@envelop/response-cache@6.1.2_@envelop+core@5.0.0_graphql@16.8.1": {
        "integrity": "sha512-vBX6z/TxBZSNReVn69VJVkdGHpGzHyeQNMz9LXobczl55KCZaf2inBWguSdGq+vx6PlB068GhLeg+a7kseiF1Q==",
        "dependencies": {
          "@envelop/core": "@envelop/core@5.0.0",
          "@graphql-tools/utils": "@graphql-tools/utils@10.1.3_graphql@16.8.1",
          "@whatwg-node/fetch": "@whatwg-node/fetch@0.9.17",
          "fast-json-stable-stringify": "fast-json-stable-stringify@2.1.0",
          "graphql": "graphql@16.8.1",
          "lru-cache": "lru-cache@10.2.1",
          "tslib": "tslib@2.6.2"
        }
      },
      "@envelop/types@5.0.0": {
        "integrity": "sha512-IPjmgSc4KpQRlO4qbEDnBEixvtb06WDmjKfi/7fkZaryh5HuOmTtixe1EupQI5XfXO8joc3d27uUZ0QdC++euA==",
        "dependencies": {
          "tslib": "tslib@2.6.2"
        }
      },
      "@graphql-tools/executor@1.2.6_graphql@16.8.1": {
        "integrity": "sha512-+1kjfqzM5T2R+dCw7F4vdJ3CqG+fY/LYJyhNiWEFtq0ToLwYzR/KKyD8YuzTirEjSxWTVlcBh7endkx5n5F6ew==",
        "dependencies": {
          "@graphql-tools/utils": "@graphql-tools/utils@10.1.3_graphql@16.8.1",
          "@graphql-typed-document-node/core": "@graphql-typed-document-node/core@3.2.0_graphql@16.8.1",
          "@repeaterjs/repeater": "@repeaterjs/repeater@3.0.5",
          "graphql": "graphql@16.8.1",
          "tslib": "tslib@2.6.2",
          "value-or-promise": "value-or-promise@1.0.12"
        }
      },
      "@graphql-tools/load-files@7.0.0_graphql@16.8.1": {
        "integrity": "sha512-P98amERIwI7FD8Bsq6xUbz9Mj63W8qucfrE/WQjad5jFMZYdFFt46a99FFdfx8S/ZYgpAlj/AZbaTtWLitMgNQ==",
        "dependencies": {
          "globby": "globby@11.1.0",
          "graphql": "graphql@16.8.1",
          "tslib": "tslib@2.6.2",
          "unixify": "unixify@1.0.0"
        }
      },
      "@graphql-tools/merge@9.0.3_graphql@16.8.1": {
        "integrity": "sha512-FeKv9lKLMwqDu0pQjPpF59GY3HReUkWXKsMIuMuJQOKh9BETu7zPEFUELvcw8w+lwZkl4ileJsHXC9+AnsT2Lw==",
        "dependencies": {
          "@graphql-tools/utils": "@graphql-tools/utils@10.1.3_graphql@16.8.1",
          "graphql": "graphql@16.8.1",
          "tslib": "tslib@2.6.2"
        }
      },
      "@graphql-tools/schema@10.0.3_graphql@16.8.1": {
        "integrity": "sha512-p28Oh9EcOna6i0yLaCFOnkcBDQECVf3SCexT6ktb86QNj9idnkhI+tCxnwZDh58Qvjd2nURdkbevvoZkvxzCog==",
        "dependencies": {
          "@graphql-tools/merge": "@graphql-tools/merge@9.0.3_graphql@16.8.1",
          "@graphql-tools/utils": "@graphql-tools/utils@10.1.3_graphql@16.8.1",
          "graphql": "graphql@16.8.1",
          "tslib": "tslib@2.6.2",
          "value-or-promise": "value-or-promise@1.0.12"
        }
      },
      "@graphql-tools/utils@10.1.3_graphql@16.8.1": {
        "integrity": "sha512-loco2ctrrMQzdpSHbcOo6+Ecp21BV67cQ2pNGhuVKAexruu01RdLn3LgtK47B9BpLz3cUD6U0u1R0rur7xMOOg==",
        "dependencies": {
          "@graphql-typed-document-node/core": "@graphql-typed-document-node/core@3.2.0_graphql@16.8.1",
          "cross-inspect": "cross-inspect@1.0.0",
          "dset": "dset@3.1.3",
          "graphql": "graphql@16.8.1",
          "tslib": "tslib@2.6.2"
        }
      },
      "@graphql-typed-document-node/core@3.2.0_graphql@16.8.1": {
        "integrity": "sha512-mB9oAsNCm9aM3/SOv4YtBMqZbYj10R7dkq8byBqxGY/ncFwhf2oQzMV+LCRlWoDSEBJ3COiR1yeDvMtsoOsuFQ==",
        "dependencies": {
          "graphql": "graphql@16.8.1"
        }
      },
      "@graphql-yoga/logger@2.0.0": {
        "integrity": "sha512-Mg8psdkAp+YTG1OGmvU+xa6xpsAmSir0hhr3yFYPyLNwzUj95DdIwsMpKadDj9xDpYgJcH3Hp/4JMal9DhQimA==",
        "dependencies": {
          "tslib": "tslib@2.6.2"
        }
      },
      "@graphql-yoga/plugin-response-cache@3.5.0_graphql@16.8.1_graphql-yoga@5.3.0__graphql@16.8.1": {
        "integrity": "sha512-LOel/QTbpCGM3CJBmInYje+yH1k/N2rxuAUk7KEhFgnJ+hFM4b0jj1sg4U5GqCPJ0Cooijz9hcX4bn3Uz5X3Ug==",
        "dependencies": {
          "@envelop/response-cache": "@envelop/response-cache@6.1.2_@envelop+core@5.0.0_graphql@16.8.1",
          "graphql": "graphql@16.8.1",
          "graphql-yoga": "graphql-yoga@5.3.0_graphql@16.8.1"
        }
      },
      "@graphql-yoga/subscription@5.0.0": {
        "integrity": "sha512-Ri7sK8hmxd/kwaEa0YT8uqQUb2wOLsmBMxI90QDyf96lzOMJRgBuNYoEkU1pSgsgmW2glceZ96sRYfaXqwVxUw==",
        "dependencies": {
          "@graphql-yoga/typed-event-target": "@graphql-yoga/typed-event-target@3.0.0",
          "@repeaterjs/repeater": "@repeaterjs/repeater@3.0.5",
          "@whatwg-node/events": "@whatwg-node/events@0.1.1",
          "tslib": "tslib@2.6.2"
        }
      },
      "@graphql-yoga/typed-event-target@3.0.0": {
        "integrity": "sha512-w+liuBySifrstuHbFrHoHAEyVnDFVib+073q8AeAJ/qqJfvFvAwUPLLtNohR/WDVRgSasfXtl3dcNuVJWN+rjg==",
        "dependencies": {
          "@repeaterjs/repeater": "@repeaterjs/repeater@3.0.5",
          "tslib": "tslib@2.6.2"
        }
      },
      "@kamilkisiela/fast-url-parser@1.1.4": {
        "integrity": "sha512-gbkePEBupNydxCelHCESvFSFM8XPh1Zs/OAVRW/rKpEqPAl5PbOM90Si8mv9bvnR53uPD2s/FiRxdvSejpRJew==",
        "dependencies": {}
      },
      "@nodelib/fs.scandir@2.1.5": {
        "integrity": "sha512-vq24Bq3ym5HEQm2NKCr3yXDwjc7vTsEThRDnkp2DK9p1uqLR+DHurm/NOTo0KG7HYHU7eppKZj3MyqYuMBf62g==",
        "dependencies": {
          "@nodelib/fs.stat": "@nodelib/fs.stat@2.0.5",
          "run-parallel": "run-parallel@1.2.0"
        }
      },
      "@nodelib/fs.stat@2.0.5": {
        "integrity": "sha512-RkhPPp2zrqDAQA/2jNhnztcPAlv64XdhIp7a7454A5ovI7Bukxgt7MX7udwAu3zg1DcpPU0rz3VV1SeaqvY4+A==",
        "dependencies": {}
      },
      "@nodelib/fs.walk@1.2.8": {
        "integrity": "sha512-oGB+UxlgWcgQkgwo8GcEGwemoTFt3FIO9ababBmaGwXIoBKZ+GTy0pP185beGg7Llih/NSHSV2XAs1lnznocSg==",
        "dependencies": {
          "@nodelib/fs.scandir": "@nodelib/fs.scandir@2.1.5",
          "fastq": "fastq@1.17.1"
        }
      },
      "@repeaterjs/repeater@3.0.5": {
        "integrity": "sha512-l3YHBLAol6d/IKnB9LhpD0cEZWAoe3eFKUyTYWmFmCO2Q/WOckxLQAUyMZWwZV2M/m3+4vgRoaolFqaII82/TA==",
        "dependencies": {}
      },
      "@whatwg-node/events@0.1.1": {
        "integrity": "sha512-AyQEn5hIPV7Ze+xFoXVU3QTHXVbWPrzaOkxtENMPMuNL6VVHrp4hHfDt9nrQpjO7BgvuM95dMtkycX5M/DZR3w==",
        "dependencies": {}
      },
      "@whatwg-node/fetch@0.9.17": {
        "integrity": "sha512-TDYP3CpCrxwxpiNY0UMNf096H5Ihf67BK1iKGegQl5u9SlpEDYrvnV71gWBGJm+Xm31qOy8ATgma9rm8Pe7/5Q==",
        "dependencies": {
          "@whatwg-node/node-fetch": "@whatwg-node/node-fetch@0.5.11",
          "urlpattern-polyfill": "urlpattern-polyfill@10.0.0"
        }
      },
      "@whatwg-node/node-fetch@0.5.11": {
        "integrity": "sha512-LS8tSomZa3YHnntpWt3PP43iFEEl6YeIsvDakczHBKlay5LdkXFr8w7v8H6akpG5nRrzydyB0k1iE2eoL6aKIQ==",
        "dependencies": {
          "@kamilkisiela/fast-url-parser": "@kamilkisiela/fast-url-parser@1.1.4",
          "@whatwg-node/events": "@whatwg-node/events@0.1.1",
          "busboy": "busboy@1.6.0",
          "fast-querystring": "fast-querystring@1.1.2",
          "tslib": "tslib@2.6.2"
        }
      },
      "@whatwg-node/server@0.9.34": {
        "integrity": "sha512-1sHRjqUtZIyTR2m2dS/dJpzS5OcNDpPuUSVDa2PoEgzYVKr4GsqJaYtRaEXXFohvvyh6PkouYCc1rE7jMDWVCA==",
        "dependencies": {
          "@whatwg-node/fetch": "@whatwg-node/fetch@0.9.17",
          "tslib": "tslib@2.6.2"
        }
      },
      "array-union@2.1.0": {
        "integrity": "sha512-HGyxoOTYUyCM6stUe6EJgnd4EoewAI7zMdfqO+kGjnlZmBDz/cR5pf8r/cR4Wq60sL/p0IkcjUEEPwS3GFrIyw==",
        "dependencies": {}
      },
      "braces@3.0.2": {
        "integrity": "sha512-b8um+L1RzM3WDSzvhm6gIz1yfTbBt6YTlcEKAvsmqCZZFw46z626lVj9j1yEPW33H5H+lBQpZMP1k8l+78Ha0A==",
        "dependencies": {
          "fill-range": "fill-range@7.0.1"
        }
      },
      "busboy@1.6.0": {
        "integrity": "sha512-8SFQbg/0hQ9xy3UNTB0YEnsNBbWfhf7RtnzpL7TkBiTBRfrQ9Fxcnz7VJsleJpyp6rVLvXiuORqjlHi5q+PYuA==",
        "dependencies": {
          "streamsearch": "streamsearch@1.1.0"
        }
      },
      "cross-inspect@1.0.0": {
        "integrity": "sha512-4PFfn4b5ZN6FMNGSZlyb7wUhuN8wvj8t/VQHZdM4JsDcruGJ8L2kf9zao98QIrBPFCpdk27qst/AGTl7pL3ypQ==",
        "dependencies": {
          "tslib": "tslib@2.6.2"
        }
      },
      "dir-glob@3.0.1": {
        "integrity": "sha512-WkrWp9GR4KXfKGYzOLmTuGVi1UWFfws377n9cc55/tb6DuqyF6pcQ5AbiHEshaDpY9v6oaSr2XCDidGmMwdzIA==",
        "dependencies": {
          "path-type": "path-type@4.0.0"
        }
      },
      "dset@3.1.3": {
        "integrity": "sha512-20TuZZHCEZ2O71q9/+8BwKwZ0QtD9D8ObhrihJPr+vLLYlSuAU3/zL4cSlgbfeoGHTjCSJBa7NGcrF9/Bx/WJQ==",
        "dependencies": {}
      },
      "fast-decode-uri-component@1.0.1": {
        "integrity": "sha512-WKgKWg5eUxvRZGwW8FvfbaH7AXSh2cL+3j5fMGzUMCxWBJ3dV3a7Wz8y2f/uQ0e3B6WmodD3oS54jTQ9HVTIIg==",
        "dependencies": {}
      },
      "fast-glob@3.3.2": {
        "integrity": "sha512-oX2ruAFQwf/Orj8m737Y5adxDQO0LAB7/S5MnxCdTNDd4p6BsyIVsv9JQsATbTSq8KHRpLwIHbVlUNatxd+1Ow==",
        "dependencies": {
          "@nodelib/fs.stat": "@nodelib/fs.stat@2.0.5",
          "@nodelib/fs.walk": "@nodelib/fs.walk@1.2.8",
          "glob-parent": "glob-parent@5.1.2",
          "merge2": "merge2@1.4.1",
          "micromatch": "micromatch@4.0.5"
        }
      },
      "fast-json-stable-stringify@2.1.0": {
        "integrity": "sha512-lhd/wF+Lk98HZoTCtlVraHtfh5XYijIjalXck7saUtuanSDyLMxnHhSXEDJqHxD7msR8D0uCmqlkwjCV8xvwHw==",
        "dependencies": {}
      },
      "fast-querystring@1.1.2": {
        "integrity": "sha512-g6KuKWmFXc0fID8WWH0jit4g0AGBoJhCkJMb1RmbsSEUNvQ+ZC8D6CUZ+GtF8nMzSPXnhiePyyqqipzNNEnHjg==",
        "dependencies": {
          "fast-decode-uri-component": "fast-decode-uri-component@1.0.1"
        }
      },
      "fastq@1.17.1": {
        "integrity": "sha512-sRVD3lWVIXWg6By68ZN7vho9a1pQcN/WBFaAAsDDFzlJjvoGx0P8z7V1t72grFJfJhu3YPZBuu25f7Kaw2jN1w==",
        "dependencies": {
          "reusify": "reusify@1.0.4"
        }
      },
      "fill-range@7.0.1": {
        "integrity": "sha512-qOo9F+dMUmC2Lcb4BbVvnKJxTPjCm+RRpe4gDuGrzkL7mEVl/djYSu2OdQ2Pa302N4oqkSg9ir6jaLWJ2USVpQ==",
        "dependencies": {
          "to-regex-range": "to-regex-range@5.0.1"
        }
      },
      "glob-parent@5.1.2": {
        "integrity": "sha512-AOIgSQCepiJYwP3ARnGx+5VnTu2HBYdzbGP45eLw1vr3zB3vZLeyed1sC9hnbcOc9/SrMyM5RPQrkGz4aS9Zow==",
        "dependencies": {
          "is-glob": "is-glob@4.0.3"
        }
      },
      "globby@11.1.0": {
        "integrity": "sha512-jhIXaOzy1sb8IyocaruWSn1TjmnBVs8Ayhcy83rmxNJ8q2uWKCAj3CnJY+KpGSXCueAPc0i05kVvVKtP1t9S3g==",
        "dependencies": {
          "array-union": "array-union@2.1.0",
          "dir-glob": "dir-glob@3.0.1",
          "fast-glob": "fast-glob@3.3.2",
          "ignore": "ignore@5.3.1",
          "merge2": "merge2@1.4.1",
          "slash": "slash@3.0.0"
        }
      },
      "graphql-yoga@5.3.0_graphql@16.8.1": {
        "integrity": "sha512-6mXoGE5AMN6YNugJvjBFIQ0dFUiOMloN0dAzLL8GFt4iJ5WlWRgjdzGHod2zZz7yWQokEVD42DHgrc7NY3Dm0w==",
        "dependencies": {
          "@envelop/core": "@envelop/core@5.0.0",
          "@graphql-tools/executor": "@graphql-tools/executor@1.2.6_graphql@16.8.1",
          "@graphql-tools/schema": "@graphql-tools/schema@10.0.3_graphql@16.8.1",
          "@graphql-tools/utils": "@graphql-tools/utils@10.1.3_graphql@16.8.1",
          "@graphql-yoga/logger": "@graphql-yoga/logger@2.0.0",
          "@graphql-yoga/subscription": "@graphql-yoga/subscription@5.0.0",
          "@whatwg-node/fetch": "@whatwg-node/fetch@0.9.17",
          "@whatwg-node/server": "@whatwg-node/server@0.9.34",
          "dset": "dset@3.1.3",
          "graphql": "graphql@16.8.1",
          "lru-cache": "lru-cache@10.2.1",
          "tslib": "tslib@2.6.2"
        }
      },
      "graphql@16.8.1": {
        "integrity": "sha512-59LZHPdGZVh695Ud9lRzPBVTtlX9ZCV150Er2W43ro37wVof0ctenSaskPPjN7lVTIN8mSZt8PHUNKZuNQUuxw==",
        "dependencies": {}
      },
      "ignore@5.3.1": {
        "integrity": "sha512-5Fytz/IraMjqpwfd34ke28PTVMjZjJG2MPn5t7OE4eUCUNf8BAa7b5WUS9/Qvr6mwOQS7Mk6vdsMno5he+T8Xw==",
        "dependencies": {}
      },
      "is-extglob@2.1.1": {
        "integrity": "sha512-SbKbANkN603Vi4jEZv49LeVJMn4yGwsbzZworEoyEiutsN3nJYdbO36zfhGJ6QEDpOZIFkDtnq5JRxmvl3jsoQ==",
        "dependencies": {}
      },
      "is-glob@4.0.3": {
        "integrity": "sha512-xelSayHH36ZgE7ZWhli7pW34hNbNl8Ojv5KVmkJD4hBdD3th8Tfk9vYasLM+mXWOZhFkgZfxhLSnrwRr4elSSg==",
        "dependencies": {
          "is-extglob": "is-extglob@2.1.1"
        }
      },
      "is-number@7.0.0": {
        "integrity": "sha512-41Cifkg6e8TylSpdtTpeLVMqvSBEVzTttHvERD741+pnZ8ANv0004MRL43QKPDlK9cGvNp6NZWZUBlbGXYxxng==",
        "dependencies": {}
      },
      "lru-cache@10.2.1": {
        "integrity": "sha512-tS24spDe/zXhWbNPErCHs/AGOzbKGHT+ybSBqmdLm8WZ1xXLWvH8Qn71QPAlqVhd0qUTWjy+Kl9JmISgDdEjsA==",
        "dependencies": {}
      },
      "merge2@1.4.1": {
        "integrity": "sha512-8q7VEgMJW4J8tcfVPy8g09NcQwZdbwFEqhe/WZkoIzjn/3TGDwtOCYtXGxA3O8tPzpczCCDgv+P2P5y00ZJOOg==",
        "dependencies": {}
      },
      "micromatch@4.0.5": {
        "integrity": "sha512-DMy+ERcEW2q8Z2Po+WNXuw3c5YaUSFjAO5GsJqfEl7UjvtIuFKO6ZrKvcItdy98dwFI2N1tg3zNIdKaQT+aNdA==",
        "dependencies": {
          "braces": "braces@3.0.2",
          "picomatch": "picomatch@2.3.1"
        }
      },
      "normalize-path@2.1.1": {
        "integrity": "sha512-3pKJwH184Xo/lnH6oyP1q2pMd7HcypqqmRs91/6/i2CGtWwIKGCkOOMTm/zXbgTEWHw1uNpNi/igc3ePOYHb6w==",
        "dependencies": {
          "remove-trailing-separator": "remove-trailing-separator@1.1.0"
        }
      },
      "path-type@4.0.0": {
        "integrity": "sha512-gDKb8aZMDeD/tZWs9P6+q0J9Mwkdl6xMV8TjnGP3qJVJ06bdMgkbBlLU8IdfOsIsFz2BW1rNVT3XuNEl8zPAvw==",
        "dependencies": {}
      },
      "picomatch@2.3.1": {
        "integrity": "sha512-JU3teHTNjmE2VCGFzuY8EXzCDVwEqB2a8fsIvwaStHhAWJEeVd1o1QD80CU6+ZdEXXSLbSsuLwJjkCBWqRQUVA==",
        "dependencies": {}
      },
      "queue-microtask@1.2.3": {
        "integrity": "sha512-NuaNSa6flKT5JaSYQzJok04JzTL1CA6aGhv5rfLW3PgqA+M2ChpZQnAC8h8i4ZFkBS8X5RqkDBHA7r4hej3K9A==",
        "dependencies": {}
      },
      "remove-trailing-separator@1.1.0": {
        "integrity": "sha512-/hS+Y0u3aOfIETiaiirUFwDBDzmXPvO+jAfKTitUngIPzdKc6Z0LoFjM/CK5PL4C+eKwHohlHAb6H0VFfmmUsw==",
        "dependencies": {}
      },
      "reusify@1.0.4": {
        "integrity": "sha512-U9nH88a3fc/ekCF1l0/UP1IosiuIjyTh7hBvXVMHYgVcfGvt897Xguj2UOLDeI5BG2m7/uwyaLVT6fbtCwTyzw==",
        "dependencies": {}
      },
      "run-parallel@1.2.0": {
        "integrity": "sha512-5l4VyZR86LZ/lDxZTR6jqL8AFE2S0IFLMP26AbjsLVADxHdhB/c0GUsH+y39UfCi3dzz8OlQuPmnaJOMoDHQBA==",
        "dependencies": {
          "queue-microtask": "queue-microtask@1.2.3"
        }
      },
      "slash@3.0.0": {
        "integrity": "sha512-g9Q1haeby36OSStwb4ntCGGGaKsaVSjQ68fBxoQcutl5fS1vuY18H3wSt3jFyFtrkx+Kz0V1G85A4MyAdDMi2Q==",
        "dependencies": {}
      },
      "streamsearch@1.1.0": {
        "integrity": "sha512-Mcc5wHehp9aXz1ax6bZUyY5afg9u2rv5cqQI3mRrYkGC8rW2hM02jWuwjtL++LS5qinSyhj2QfLyNsuc+VsExg==",
        "dependencies": {}
      },
      "to-regex-range@5.0.1": {
        "integrity": "sha512-65P7iz6X5yEr1cwcgvQxbbIw7Uk3gOy5dIdtZ4rDveLqhrdJP+Li/Hx6tyK0NEb+2GCyneCMJiGqrADCSNk8sQ==",
        "dependencies": {
          "is-number": "is-number@7.0.0"
        }
      },
      "tslib@2.6.2": {
        "integrity": "sha512-AEYxH93jGFPn/a2iVAwW87VuUIkR1FVUKB77NwMF7nBTDkDrrT/Hpt/IrCJ0QXhW27jTBDcf5ZY7w6RiqTMw2Q==",
        "dependencies": {}
      },
      "unixify@1.0.0": {
        "integrity": "sha512-6bc58dPYhCMHHuwxldQxO3RRNZ4eCogZ/st++0+fcC1nr0jiGUtAdBJ2qzmLQWSxbtz42pWt4QQMiZ9HvZf5cg==",
        "dependencies": {
          "normalize-path": "normalize-path@2.1.1"
        }
      },
      "urlpattern-polyfill@10.0.0": {
        "integrity": "sha512-H/A06tKD7sS1O1X2SshBVeA5FLycRpjqiBeqGKmBwBDBy28EnRjORxTNe269KSSr5un5qyWi1iL61wLxpd+ZOg==",
        "dependencies": {}
      },
      "value-or-promise@1.0.12": {
        "integrity": "sha512-Z6Uz+TYwEqE7ZN50gwn+1LCVo9ZVrpxRPOhOLnncYkY1ZzOYtrX8Fwf/rFktZ8R5mJms6EZf5TqNOMeZmnPq9Q==",
        "dependencies": {}
      }
    }
  },
  "redirects": {
    "https://esm.sh/@supabase/supabase-js@2": "https://esm.sh/@supabase/supabase-js@2.42.7"
  },
  "remote": {
    "https://deno.land/std@0.157.0/async/abortable.ts": "87aa7230be8360c24ad437212311c9e8d4328854baec27b4c7abb26e85515c06",
    "https://deno.land/std@0.157.0/async/deadline.ts": "48ac998d7564969f3e6ec6b6f9bf0217ebd00239b1b2292feba61272d5dd58d0",
    "https://deno.land/std@0.157.0/async/debounce.ts": "de5433bff08a2bb61416fc53b3bd2d5867090c8a815465e5b4a10a77495b1051",
    "https://deno.land/std@0.157.0/async/deferred.ts": "c01de44b9192359cebd3fe93273fcebf9e95110bf3360023917da9a2d1489fae",
    "https://deno.land/std@0.157.0/async/delay.ts": "0419dfc993752849692d1f9647edf13407c7facc3509b099381be99ffbc9d699",
    "https://deno.land/std@0.157.0/async/mod.ts": "dd0a8ed4f3984ffabe2fcca7c9f466b7932d57b1864ffee148a5d5388316db6b",
    "https://deno.land/std@0.157.0/async/mux_async_iterator.ts": "3447b28a2a582224a3d4d3596bccbba6e85040da3b97ed64012f7decce98d093",
    "https://deno.land/std@0.157.0/async/pool.ts": "ef9eb97b388543acbf0ac32647121e4dbe629236899586c4d4311a8770fbb239",
    "https://deno.land/std@0.157.0/async/tee.ts": "d27680d911816fcb3d231e16d690e7588079e66a9b2e5ce8cc354db94fdce95f",
    "https://deno.land/std@0.157.0/http/server.ts": "c1bce1cbf4060055f622d5c3f0e406fd553e5dca111ca836d28c6268f170ebeb",
    "https://deno.land/std@0.223.0/dotenv/mod.ts": "0180eaeedaaf88647318811cdaa418cc64dc51fb08354f91f5f480d0a1309f7d",
    "https://deno.land/std@0.223.0/dotenv/parse.ts": "09977ff88dfd1f24f9973a338f0f91bbdb9307eb5ff6085446e7c423e4c7ba0c",
    "https://deno.land/std@0.223.0/dotenv/stringify.ts": "275da322c409170160440836342eaa7cf012a1d11a7e700d8ca4e7f2f8aa4615",
    "https://esm.sh/@supabase/supabase-js@2.42.7": "00e42d28c3ed27bb7f44f650f3c091a3af819e6f1ec5a1b58942e53b985db958",
    "https://esm.sh/v135/@supabase/auth-js@2.64.1/denonext/auth-js.mjs": "1f455ba90a79ba5edf03adf042e1243854679dcd57925f113c59457f2bee20a5",
    "https://esm.sh/v135/@supabase/functions-js@2.3.1/denonext/functions-js.mjs": "c10a0bbd935fc12cae58918b8e23cb339d54c443983caeb597dd8cd76a76f940",
    "https://esm.sh/v135/@supabase/node-fetch@2.6.15/denonext/node-fetch.mjs": "efad00ea3d4cbe1bee688836ef75339d49a1981bc5728a13e9ad5f26791d5efb",
    "https://esm.sh/v135/@supabase/postgrest-js@1.15.2/denonext/postgrest-js.mjs": "1d36cf3106c6dd6ce21473b57d88478802ceef6d22e67af1f92c508607302e50",
    "https://esm.sh/v135/@supabase/realtime-js@2.9.4/denonext/realtime-js.mjs": "5a4443e535c1ef8c469c281442a976f47735b3ee378c9e6d8b9a379c56b2f852",
    "https://esm.sh/v135/@supabase/storage-js@2.5.5/denonext/storage-js.mjs": "66e29e4e55c7d396503e2d1d9376cfbc34f046b962bce4524c2d80b209fff413",
    "https://esm.sh/v135/@supabase/supabase-js@2.42.7/denonext/supabase-js.mjs": "1c68a590bfca8493d6ee361a77603d16fdb11da85265c70b1e533616b9e7f9ba",
    "https://esm.sh/v135/bufferutil@4.0.8/denonext/bufferutil.mjs": "60a4618cbd1a5cb24935c55590b793d4ecb33862357d32e1d4614a0bbb90947f",
    "https://esm.sh/v135/node-gyp-build@4.6.1/denonext/node-gyp-build.mjs": "5d28b312f145a6cb2ec0dbdd80a7d34c0e0e6b5dcada65411d8bcff6c8991cc6",
    "https://esm.sh/v135/utf-8-validate@6.0.3/denonext/utf-8-validate.mjs": "410c48d66840e987e474a4849cd25829817415cedd25466280effb1287d05aa5",
    "https://esm.sh/v135/ws@8.16.0/denonext/ws.mjs": "0fa0c00b69577ba36d0a36001329b2cec91498cb2e33e329fc76aa6d51a0d54d"
  },
  "workspace": {
    "dependencies": [
      "npm:@graphql-tools/load-files@^7.0.0",
      "npm:@graphql-tools/schema@^10.0.3",
      "npm:@graphql-yoga/plugin-response-cache@^3.5.0",
      "npm:graphql-yoga@^5.3.0"
    ]
  }
}
